
Microsoft Visual Studio Solution File, Format Version 12.00
# Visual Studio Version 17
VisualStudioVersion = 17.8.34330.188
MinimumVisualStudioVersion = 10.0.40219.1
Project("{FAE04EC0-301F-11D3-BF4B-00C04F79EFBC}") = "WindowsFormsApp1", "WindowsFormsApp1\WindowsFormsApp1.csproj", "{BC374F43-3587-4C0A-A057-7E89AFAC9154}"
EndProject
Global
	GlobalSection(SolutionConfigurationPlatforms) = preSolution
		Debug|Any CPU = Debug|Any CPU
		Release|Any CPU = Release|Any CPU
	EndGlobalSection
	GlobalSection(ProjectConfigurationPlatforms) = postSolution
		{BC374F43-3587-4C0A-A057-7E89AFAC9154}.Debug|Any CPU.ActiveCfg = Debug|Any CPU
		{BC374F43-3587-4C0A-A057-7E89AFAC9154}.Debug|Any CPU.Build.0 = Debug|Any CPU
		{BC374F43-3587-4C0A-A057-7E89AFAC9154}.Release|Any CPU.ActiveCfg = Release|Any CPU
		{BC374F43-3587-4C0A-A057-7E89AFAC9154}.Release|Any CPU.Build.0 = Release|Any CPU
	EndGlobalSection
	GlobalSection(SolutionProperties) = preSolution
		HideSolutionNode = FALSE
	EndGlobalSection
	GlobalSection(ExtensibilityGlobals) = postSolution
		SolutionGuid = {0C027A24-68FF-4C34-8C2F-9A12B861F987}
	EndGlobalSection
EndGlobal
